{
  "version": 4,
  "terraform_version": "1.12.1",
  "serial": 16,
  "lineage": "6208def2-a675-1a4d-b539-2d2ceb78f51c",
  "outputs": {
    "admin_username": {
      "value": "azureuser",
      "type": "string"
    },
    "database_name": {
      "value": "mydatabase",
      "type": "string"
    },
    "mysql_fqdn": {
      "value": "myazuremysqlsrv01.mysql.database.azure.com",
      "type": "string"
    },
    "mysql_server_name": {
      "value": "myazuremysqlsrv01",
      "type": "string"
    }
  },
  "resources": [
    {
      "mode": "managed",
      "type": "azurerm_mysql_flexible_database",
      "name": "db",
      "provider": "provider[\"registry.terraform.io/hashicorp/azurerm\"]",
      "instances": [
        {
          "schema_version": 0,
          "attributes": {
            "charset": "utf8mb3",
            "collation": "utf8mb3_general_ci",
            "id": "/subscriptions/040e331b-175c-46dd-9497-fb2279c93fce/resourceGroups/my-azure-db-rg/providers/Microsoft.DBforMySQL/flexibleServers/myazuremysqlsrv01/databases/mydatabase",
            "name": "mydatabase",
            "resource_group_name": "my-azure-db-rg",
            "server_name": "myazuremysqlsrv01",
            "timeouts": null
          },
          "sensitive_attributes": [],
          "identity_schema_version": 0,
          "private": "eyJlMmJmYjczMC1lY2FhLTExZTYtOGY4OC0zNDM2M2JjN2M0YzAiOnsiY3JlYXRlIjozNjAwMDAwMDAwMDAwLCJkZWxldGUiOjM2MDAwMDAwMDAwMDAsInJlYWQiOjMwMDAwMDAwMDAwMH19",
          "dependencies": [
            "azurerm_mysql_flexible_server.mysql",
            "azurerm_resource_group.rg"
          ]
        }
      ]
    },
    {
      "mode": "managed",
      "type": "azurerm_mysql_flexible_server",
      "name": "mysql",
      "provider": "provider[\"registry.terraform.io/hashicorp/azurerm\"]",
      "instances": [
        {
          "schema_version": 0,
          "attributes": {
            "administrator_login": "azureuser",
            "administrator_password": "Maybeyes13",
            "administrator_password_wo": null,
            "administrator_password_wo_version": 0,
            "backup_retention_days": 7,
            "create_mode": null,
            "customer_managed_key": [],
            "delegated_subnet_id": "",
            "fqdn": "myazuremysqlsrv01.mysql.database.azure.com",
            "geo_redundant_backup_enabled": false,
            "high_availability": [],
            "id": "/subscriptions/040e331b-175c-46dd-9497-fb2279c93fce/resourceGroups/my-azure-db-rg/providers/Microsoft.DBforMySQL/flexibleServers/myazuremysqlsrv01",
            "identity": [],
            "location": "centralus",
            "maintenance_window": [],
            "name": "myazuremysqlsrv01",
            "point_in_time_restore_time_in_utc": null,
            "private_dns_zone_id": "",
            "public_network_access": "Enabled",
            "public_network_access_enabled": true,
            "replica_capacity": 10,
            "replication_role": "None",
            "resource_group_name": "my-azure-db-rg",
            "sku_name": "B_Standard_B1ms",
            "source_server_id": "",
            "storage": [
              {
                "auto_grow_enabled": true,
                "io_scaling_enabled": false,
                "iops": 396,
                "log_on_disk_enabled": false,
                "size_gb": 32
              }
            ],
            "tags": {
              "environment": "dev"
            },
            "timeouts": null,
            "version": "8.0.21",
            "zone": "1"
          },
          "sensitive_attributes": [
            [
              {
                "type": "get_attr",
                "value": "administrator_password"
              }
            ]
          ],
          "identity_schema_version": 0,
          "private": "eyJlMmJmYjczMC1lY2FhLTExZTYtOGY4OC0zNDM2M2JjN2M0YzAiOnsiY3JlYXRlIjo3MjAwMDAwMDAwMDAwLCJkZWxldGUiOjM2MDAwMDAwMDAwMDAsInJlYWQiOjMwMDAwMDAwMDAwMCwidXBkYXRlIjo3MjAwMDAwMDAwMDAwfX0=",
          "dependencies": [
            "azurerm_resource_group.rg"
          ]
        }
      ]
    },
    {
      "mode": "managed",
      "type": "azurerm_resource_group",
      "name": "rg",
      "provider": "provider[\"registry.terraform.io/hashicorp/azurerm\"]",
      "instances": [
        {
          "schema_version": 0,
          "attributes": {
            "id": "/subscriptions/040e331b-175c-46dd-9497-fb2279c93fce/resourceGroups/my-azure-db-rg",
            "location": "centralus",
            "managed_by": "",
            "name": "my-azure-db-rg",
            "tags": {},
            "timeouts": null
          },
          "sensitive_attributes": [],
          "identity_schema_version": 0,
          "private": "eyJlMmJmYjczMC1lY2FhLTExZTYtOGY4OC0zNDM2M2JjN2M0YzAiOnsiY3JlYXRlIjo1NDAwMDAwMDAwMDAwLCJkZWxldGUiOjU0MDAwMDAwMDAwMDAsInJlYWQiOjMwMDAwMDAwMDAwMCwidXBkYXRlIjo1NDAwMDAwMDAwMDAwfX0="
        }
      ]
    }
  ],
  "check_results": null
}
